{
  "name": "nestjs-custom-validators",
  "version": "1.0.4",
  "lockfileVersion": 1,
  "requires": true,
  "dependencies": {
    "@nestjs/common": {
      "version": "9.2.1",
      "resolved": "https://registry.npmjs.org/@nestjs/common/-/common-9.2.1.tgz",
      "integrity": "sha512-nZuo3oDsSSlC5mti/M2aCWTEIfHPGDXmBwWgPeCpRbrNz3IWd109rkajll+yxgidVjznAdBS9y00JkAVJblNYw==",
      "requires": {
        "iterare": "1.2.1",
        "tslib": "2.4.1",
        "uuid": "9.0.0"
      }
    },
    "@nestjs/mapped-types": {
      "version": "1.2.0",
      "resolved": "https://registry.npmjs.org/@nestjs/mapped-types/-/mapped-types-1.2.0.tgz",
      "integrity": "sha512-NTFwPZkQWsArQH8QSyFWGZvJ08gR+R4TofglqZoihn/vU+ktHEJjMqsIsADwb7XD97DhiD+TVv5ac+jG33BHrg=="
    },
    "@nestjs/swagger": {
      "version": "6.1.4",
      "resolved": "https://registry.npmjs.org/@nestjs/swagger/-/swagger-6.1.4.tgz",
      "integrity": "sha512-kE8VjR+NaoKqxg8XqM/YYfALScPh4AcoR8Wywga8/OxHsTHY+MKxqvTpWp7IhCUWSA6xT8nQUpcC9Rt7C+r7Hw==",
      "requires": {
        "@nestjs/mapped-types": "1.2.0",
        "js-yaml": "4.1.0",
        "lodash": "4.17.21",
        "path-to-regexp": "3.2.0",
        "swagger-ui-dist": "4.15.5"
      }
    },
    "@types/validator": {
      "version": "13.7.11",
      "resolved": "https://registry.npmjs.org/@types/validator/-/validator-13.7.11.tgz",
      "integrity": "sha512-WqTos+CnAKN64YwyBMhgUYhb5VsTNKwUY6AuzG5qu9/pFZJar/RJFMZBXwX7VS+uzYi+lIAr3WkvuWqEI9F2eg=="
    },
    "argparse": {
      "version": "2.0.1",
      "resolved": "https://registry.npmjs.org/argparse/-/argparse-2.0.1.tgz",
      "integrity": "sha512-8+9WqebbFzpX9OR+Wa6O29asIogeRMzcGtAINdpMHHyAg10f05aSFVBbcEqGf/PXw1EjAZ+q2/bEBg3DvurK3Q=="
    },
    "class-transformer": {
      "version": "0.5.1",
      "resolved": "https://registry.npmjs.org/class-transformer/-/class-transformer-0.5.1.tgz",
      "integrity": "sha512-SQa1Ws6hUbfC98vKGxZH3KFY0Y1lm5Zm0SY8XX9zbK7FJCyVEac3ATW0RIpwzW+oOfmHE5PMPufDG9hCfoEOMw=="
    },
    "class-validator": {
      "version": "0.14.0",
      "resolved": "https://registry.npmjs.org/class-validator/-/class-validator-0.14.0.tgz",
      "integrity": "sha512-ct3ltplN8I9fOwUd8GrP8UQixwff129BkEtuWDKL5W45cQuLd19xqmTLu5ge78YDm/fdje6FMt0hGOhl0lii3A==",
      "requires": {
        "@types/validator": "^13.7.10",
        "libphonenumber-js": "^1.10.14",
        "validator": "^13.7.0"
      }
    },
    "iterare": {
      "version": "1.2.1",
      "resolved": "https://registry.npmjs.org/iterare/-/iterare-1.2.1.tgz",
      "integrity": "sha512-RKYVTCjAnRthyJes037NX/IiqeidgN1xc3j1RjFfECFp28A1GVwK9nA+i0rJPaHqSZwygLzRnFlzUuHFoWWy+Q=="
    },
    "js-yaml": {
      "version": "4.1.0",
      "resolved": "https://registry.npmjs.org/js-yaml/-/js-yaml-4.1.0.tgz",
      "integrity": "sha512-wpxZs9NoxZaJESJGIZTyDEaYpl0FKSA+FB9aJiyemKhMwkxQg63h4T1KJgUGHpTqPDNRcmmYLugrRjJlBtWvRA==",
      "requires": {
        "argparse": "^2.0.1"
      }
    },
    "libphonenumber-js": {
      "version": "1.10.18",
      "resolved": "https://registry.npmjs.org/libphonenumber-js/-/libphonenumber-js-1.10.18.tgz",
      "integrity": "sha512-NS4ZEgNhwbcPz1gfSXCGFnQm0xEiyTSPRthIuWytDzOiEG9xnZ2FbLyfJC4tI2BMAAXpoWbNxHYH75pa3Dq9og=="
    },
    "lodash": {
      "version": "4.17.21",
      "resolved": "https://registry.npmjs.org/lodash/-/lodash-4.17.21.tgz",
      "integrity": "sha512-v2kDEe57lecTulaDIuNTPy3Ry4gLGJ6Z1O3vE1krgXZNrsQ+LFTGHVxVjcXPs17LhbZVGedAJv8XZ1tvj5FvSg=="
    },
    "path-to-regexp": {
      "version": "3.2.0",
      "resolved": "https://registry.npmjs.org/path-to-regexp/-/path-to-regexp-3.2.0.tgz",
      "integrity": "sha512-jczvQbCUS7XmS7o+y1aEO9OBVFeZBQ1MDSEqmO7xSoPgOPoowY/SxLpZ6Vh97/8qHZOteiCKb7gkG9gA2ZUxJA=="
    },
    "swagger-ui-dist": {
      "version": "4.15.5",
      "resolved": "https://registry.npmjs.org/swagger-ui-dist/-/swagger-ui-dist-4.15.5.tgz",
      "integrity": "sha512-V3eIa28lwB6gg7/wfNvAbjwJYmDXy1Jo1POjyTzlB6wPcHiGlRxq39TSjYGVjQrUSAzpv+a7nzp7mDxgNy57xA=="
    },
    "tslib": {
      "version": "2.4.1",
      "resolved": "https://registry.npmjs.org/tslib/-/tslib-2.4.1.tgz",
      "integrity": "sha512-tGyy4dAjRIEwI7BzsB0lynWgOpfqjUdq91XXAlIWD2OwKBH7oCl/GZG/HT4BOHrTlPMOASlMQ7veyTqpmRcrNA=="
    },
    "typescript": {
      "version": "4.9.5",
      "resolved": "https://registry.npmjs.org/typescript/-/typescript-4.9.5.tgz",
      "integrity": "sha512-1FXk9E2Hm+QzZQ7z+McJiHL4NW1F2EzMu9Nq9i3zAaGqibafqYwCVU6WyWAuyQRRzOlxou8xZSyXLEN8oKj24g==",
      "dev": true
    },
    "uuid": {
      "version": "9.0.0",
      "resolved": "https://registry.npmjs.org/uuid/-/uuid-9.0.0.tgz",
      "integrity": "sha512-MXcSTerfPa4uqyzStbRoTgt5XIe3x5+42+q1sDuy3R5MDk66URdLMOZe5aPX/SQd+kuYAh0FdP/pO28IkQyTeg=="
    },
    "validator": {
      "version": "13.7.0",
      "resolved": "https://registry.npmjs.org/validator/-/validator-13.7.0.tgz",
      "integrity": "sha512-nYXQLCBkpJ8X6ltALua9dRrZDHVYxjJ1wgskNt1lH9fzGjs3tgojGSCBjmEPwkWS1y29+DrizMTW19Pr9uB2nw=="
    }
  }
}
