# THIS IS AN AUTOGENERATED FILE. DO NOT EDIT THIS FILE DIRECTLY.
# yarn lockfile v1


"@lukeed/csprng@^1.0.0":
  version "1.1.0"
  resolved "https://registry.yarnpkg.com/@lukeed/csprng/-/csprng-1.1.0.tgz#1e3e4bd05c1cc7a0b2ddbd8a03f39f6e4b5e6cfe"
  integrity sha512-Z7C/xXCiGWsg0KuKsHTKJxbWhpI3Vs5GwLfOean7MGyVFGqdRgBbAjOCh6u4bbjPc/8MJ2pZmK/0DLdCbivLDA==

"@nestjs/common@^9.2.1":
  version "9.4.3"
  resolved "https://registry.yarnpkg.com/@nestjs/common/-/common-9.4.3.tgz#f907c5315b4273f7675864a05c4dda7056632b87"
  integrity sha512-Gd6D4IaYj01o14Bwv81ukidn4w3bPHCblMUq+SmUmWLyosK+XQmInCS09SbDDZyL8jy86PngtBLTdhJ2bXSUig==
  dependencies:
    uid "2.0.2"
    iterare "1.2.1"
    tslib "2.5.3"

"@nestjs/mapped-types@1.2.2":
  version "1.2.2"
  resolved "https://registry.yarnpkg.com/@nestjs/mapped-types/-/mapped-types-1.2.2.tgz#d9ddb143776e309dbc1a518ac1607fddac1e140e"
  integrity sha512-3dHxLXs3M0GPiriAcCFFJQHoDFUuzTD5w6JDhE7TyfT89YKpe6tcCCIqOZWdXmt9AZjjK30RkHRSFF+QEnWFQg==

"@nestjs/swagger@^6.1.4":
  version "6.3.0"
  resolved "https://registry.yarnpkg.com/@nestjs/swagger/-/swagger-6.3.0.tgz#2963395a398374c25548a012eb15f03f53ad6e53"
  integrity sha512-Gnig189oa1tD+h0BYIfUwhp/wvvmTn6iO3csR2E4rQrDTgCxSxZDlNdfZo3AC+Rmf8u0KX4ZAX1RZN1qXTtC7A==
  dependencies:
    "@nestjs/mapped-types" "1.2.2"
    js-yaml "4.1.0"
    lodash "4.17.21"
    path-to-regexp "3.2.0"
    swagger-ui-dist "4.18.2"

"@types/validator@^13.7.10":
  version "13.11.7"
  resolved "https://registry.yarnpkg.com/@types/validator/-/validator-13.11.7.tgz#99e19760297667ae46b7069ec8b96cbfe0a08b98"
  integrity sha512-q0JomTsJ2I5Mv7dhHhQLGjMvX0JJm5dyZ1DXQySIUzU1UlwzB8bt+R6+LODUbz0UDIOvEzGc28tk27gBJw2N8Q==

argparse@^2.0.1:
  version "2.0.1"
  resolved "https://registry.yarnpkg.com/argparse/-/argparse-2.0.1.tgz#246f50f3ca78a3240f6c997e8a9bd1eac49e4b38"
  integrity sha512-8+9WqebbFzpX9OR+Wa6O29asIogeRMzcGtAINdpMHHyAg10f05aSFVBbcEqGf/PXw1EjAZ+q2/bEBg3DvurK3Q==

class-transformer@^0.5.1:
  version "0.5.1"
  resolved "https://registry.yarnpkg.com/class-transformer/-/class-transformer-0.5.1.tgz#24147d5dffd2a6cea930a3250a677addf96ab336"
  integrity sha512-SQa1Ws6hUbfC98vKGxZH3KFY0Y1lm5Zm0SY8XX9zbK7FJCyVEac3ATW0RIpwzW+oOfmHE5PMPufDG9hCfoEOMw==

class-validator@^0.14.0:
  version "0.14.0"
  resolved "https://registry.yarnpkg.com/class-validator/-/class-validator-0.14.0.tgz#40ed0ecf3c83b2a8a6a320f4edb607be0f0df159"
  integrity sha512-ct3ltplN8I9fOwUd8GrP8UQixwff129BkEtuWDKL5W45cQuLd19xqmTLu5ge78YDm/fdje6FMt0hGOhl0lii3A==
  dependencies:
    "@types/validator" "^13.7.10"
    libphonenumber-js "^1.10.14"
    validator "^13.7.0"

iterare@1.2.1:
  version "1.2.1"
  resolved "https://registry.yarnpkg.com/iterare/-/iterare-1.2.1.tgz#139c400ff7363690e33abffa33cbba8920f00042"
  integrity sha512-RKYVTCjAnRthyJes037NX/IiqeidgN1xc3j1RjFfECFp28A1GVwK9nA+i0rJPaHqSZwygLzRnFlzUuHFoWWy+Q==

js-yaml@4.1.0:
  version "4.1.0"
  resolved "https://registry.yarnpkg.com/js-yaml/-/js-yaml-4.1.0.tgz#c1fb65f8f5017901cdd2c951864ba18458a10602"
  integrity sha512-wpxZs9NoxZaJESJGIZTyDEaYpl0FKSA+FB9aJiyemKhMwkxQg63h4T1KJgUGHpTqPDNRcmmYLugrRjJlBtWvRA==
  dependencies:
    argparse "^2.0.1"

libphonenumber-js@^1.10.14:
  version "1.10.51"
  resolved "https://registry.yarnpkg.com/libphonenumber-js/-/libphonenumber-js-1.10.51.tgz#a3b8c15db2721c3e5f7fe6759e2a524712b578e6"
  integrity sha512-vY2I+rQwrDQzoPds0JeTEpeWzbUJgqoV0O4v31PauHBb/e+1KCXKylHcDnBMgJZ9fH9mErsEbROJY3Z3JtqEmg==

lodash@4.17.21:
  version "4.17.21"
  resolved "https://registry.yarnpkg.com/lodash/-/lodash-4.17.21.tgz#679591c564c3bffaae8454cf0b3df370c3d6911c"
  integrity sha512-v2kDEe57lecTulaDIuNTPy3Ry4gLGJ6Z1O3vE1krgXZNrsQ+LFTGHVxVjcXPs17LhbZVGedAJv8XZ1tvj5FvSg==

path-to-regexp@3.2.0:
  version "3.2.0"
  resolved "https://registry.yarnpkg.com/path-to-regexp/-/path-to-regexp-3.2.0.tgz#fa7877ecbc495c601907562222453c43cc204a5f"
  integrity sha512-jczvQbCUS7XmS7o+y1aEO9OBVFeZBQ1MDSEqmO7xSoPgOPoowY/SxLpZ6Vh97/8qHZOteiCKb7gkG9gA2ZUxJA==

swagger-ui-dist@4.18.2:
  version "4.18.2"
  resolved "https://registry.yarnpkg.com/swagger-ui-dist/-/swagger-ui-dist-4.18.2.tgz#323308f1c1d87a7c22ce3e273c31835eb680a71b"
  integrity sha512-oVBoBl9Dg+VJw8uRWDxlyUyHoNEDC0c1ysT6+Boy6CTgr2rUcLcfPon4RvxgS2/taNW6O0+US+Z/dlAsWFjOAQ==

tslib@2.5.3:
  version "2.5.3"
  resolved "https://registry.yarnpkg.com/tslib/-/tslib-2.5.3.tgz#24944ba2d990940e6e982c4bea147aba80209913"
  integrity sha512-mSxlJJwl3BMEQCUNnxXBU9jP4JBktcEGhURcPR6VQVlnP0FdDEsIaz0C35dXNGLyRfrATNofF0F5p2KPxQgB+w==

typescript@^4.9.5:
  version "4.9.5"
  resolved "https://registry.yarnpkg.com/typescript/-/typescript-4.9.5.tgz#095979f9bcc0d09da324d58d03ce8f8374cbe65a"
  integrity sha512-1FXk9E2Hm+QzZQ7z+McJiHL4NW1F2EzMu9Nq9i3zAaGqibafqYwCVU6WyWAuyQRRzOlxou8xZSyXLEN8oKj24g==

uid@2.0.2:
  version "2.0.2"
  resolved "https://registry.yarnpkg.com/uid/-/uid-2.0.2.tgz#4b5782abf0f2feeefc00fa88006b2b3b7af3e3b9"
  integrity sha512-u3xV3X7uzvi5b1MncmZo3i2Aw222Zk1keqLA1YkHldREkAhAqi65wuPfe7lHx8H/Wzy+8CE7S7uS3jekIM5s8g==
  dependencies:
    "@lukeed/csprng" "^1.0.0"

validator@^13.7.0:
  version "13.11.0"
  resolved "https://registry.yarnpkg.com/validator/-/validator-13.11.0.tgz#23ab3fd59290c61248364eabf4067f04955fbb1b"
  integrity sha512-Ii+sehpSfZy+At5nPdnyMhx78fEoPDkR2XW/zimHEL3MyGJQOCQ7WeP20jPYRz7ZCpcKLB21NxuXHF3bxjStBQ==
